# This file is generated by running "yarn install" inside your project.
# Manual changes might be lost - proceed with caution!

__metadata:
  version: 6
  cacheKey: 8

"@types/json2csv@npm:^5":
  version: 5.0.3
  resolution: "@types/json2csv@npm:5.0.3"
  dependencies:
    "@types/node": "*"
  checksum: 7a9faf4a7ec0fb488cf953ba18aea1e48fb586476e7aa9d8c6d03860b729a508cfe836170c90f3ba3656d9621df95a264bf0452f69771e8df06d1ce221980533
  languageName: node
  linkType: hard

"@types/node@npm:*, @types/node@npm:^18.7.19":
  version: 18.7.19
  resolution: "@types/node@npm:18.7.19"
  checksum: 879366b379599cd0e06bff86973c82497de57d23b113967d20cac94994acdf2c47b6fc5cb92d007a9ff1939bd037257a5f3965e7bbda70cfa6b949a40e4e14a8
  languageName: node
  linkType: hard

"@types/webidl-conversions@npm:*":
  version: 7.0.0
  resolution: "@types/webidl-conversions@npm:7.0.0"
  checksum: 60142c7ddd9eb6f907d232d6b3a81ecf990f73b5a62a004eba8bd0f54809a42ece68ce512e7e3e1d98af8b6393d66cddb96f3622d2fb223c4e9c8937c61bfed7
  languageName: node
  linkType: hard

"@types/whatwg-url@npm:^8.2.1":
  version: 8.2.2
  resolution: "@types/whatwg-url@npm:8.2.2"
  dependencies:
    "@types/node": "*"
    "@types/webidl-conversions": "*"
  checksum: 5dc5afe078dfa1a8a266745586fa3db9baa8ce7cc904789211d1dca1d34d7f3dd17d0b7423c36bc9beab9d98aa99338f1fc60798c0af6cbb8356f20e20d9f243
  languageName: node
  linkType: hard

"base64-js@npm:^1.3.1":
  version: 1.5.1
  resolution: "base64-js@npm:1.5.1"
  checksum: 669632eb3745404c2f822a18fc3a0122d2f9a7a13f7fb8b5823ee19d1d2ff9ee5b52c53367176ea4ad093c332fd5ab4bd0ebae5a8e27917a4105a4cfc86b1005
  languageName: node
  linkType: hard

"bson@npm:^4.7.0":
  version: 4.7.0
  resolution: "bson@npm:4.7.0"
  dependencies:
    buffer: ^5.6.0
  checksum: 83e7b64afdad5a505073a7e6206e7b345f59e7888fbcb1948fba72b6101a1baf58b7499314f8e24b650567665f7973eda048aabbb1ddcfbadfba7d6c6b0f5e83
  languageName: node
  linkType: hard

"buffer-writer@npm:2.0.0":
  version: 2.0.0
  resolution: "buffer-writer@npm:2.0.0"
  checksum: 11736b48bb75106c52ca8ec9f025e7c1b3b25ce31875f469d7210eabd5c576c329e34f6b805d4a8d605ff3f0db1e16342328802c4c963e9c826b0e43a4e631c2
  languageName: node
  linkType: hard

"buffer@npm:^5.6.0":
  version: 5.7.1
  resolution: "buffer@npm:5.7.1"
  dependencies:
    base64-js: ^1.3.1
    ieee754: ^1.1.13
  checksum: e2cf8429e1c4c7b8cbd30834ac09bd61da46ce35f5c22a78e6c2f04497d6d25541b16881e30a019c6fd3154150650ccee27a308eff3e26229d788bbdeb08ab84
  languageName: node
  linkType: hard

"commander@npm:^6.1.0":
  version: 6.2.1
  resolution: "commander@npm:6.2.1"
  checksum: d7090410c0de6bc5c67d3ca41c41760d6d268f3c799e530aafb73b7437d1826bbf0d2a3edac33f8b57cc9887b4a986dce307fa5557e109be40eadb7c43b21742
  languageName: node
  linkType: hard

"data-uri-to-buffer@npm:^4.0.0":
  version: 4.0.0
  resolution: "data-uri-to-buffer@npm:4.0.0"
  checksum: a010653869abe8bb51259432894ac62c52bf79ad761d418d94396f48c346f2ae739c46b254e8bb5987bded8a653d467db1968db3a69bab1d33aa5567baa5cfc7
  languageName: node
  linkType: hard

"denque@npm:^2.1.0":
  version: 2.1.0
  resolution: "denque@npm:2.1.0"
  checksum: 1d4ae1d05e59ac3a3481e7b478293f4b4c813819342273f3d5b826c7ffa9753c520919ba264f377e09108d24ec6cf0ec0ac729a5686cbb8f32d797126c5dae74
  languageName: node
  linkType: hard

"dotenv@npm:^16.0.2":
  version: 16.0.2
  resolution: "dotenv@npm:16.0.2"
  checksum: ca8f9ca2d67929c7771069f4c31b4e46b9932621009e658e5afd655dde2d69b77642bf36dbc9e72bc170523dfd908a9ee41c26f034c1fdc605ace3b1b4b10faf
  languageName: node
  linkType: hard

"fetch-blob@npm:^3.1.2, fetch-blob@npm:^3.1.4":
  version: 3.2.0
  resolution: "fetch-blob@npm:3.2.0"
  dependencies:
    node-domexception: ^1.0.0
    web-streams-polyfill: ^3.0.3
  checksum: f19bc28a2a0b9626e69fd7cf3a05798706db7f6c7548da657cbf5026a570945f5eeaedff52007ea35c8bcd3d237c58a20bf1543bc568ab2422411d762dd3d5bf
  languageName: node
  linkType: hard

"formdata-polyfill@npm:^4.0.10":
  version: 4.0.10
  resolution: "formdata-polyfill@npm:4.0.10"
  dependencies:
    fetch-blob: ^3.1.2
  checksum: 82a34df292afadd82b43d4a740ce387bc08541e0a534358425193017bf9fb3567875dc5f69564984b1da979979b70703aa73dee715a17b6c229752ae736dd9db
  languageName: node
  linkType: hard

"ieee754@npm:^1.1.13":
  version: 1.2.1
  resolution: "ieee754@npm:1.2.1"
  checksum: 5144c0c9815e54ada181d80a0b810221a253562422e7c6c3a60b1901154184f49326ec239d618c416c1c5945a2e197107aee8d986a3dd836b53dffefd99b5e7e
  languageName: node
  linkType: hard

"ip@npm:^2.0.0":
  version: 2.0.0
  resolution: "ip@npm:2.0.0"
  checksum: cfcfac6b873b701996d71ec82a7dd27ba92450afdb421e356f44044ed688df04567344c36cbacea7d01b1c39a4c732dc012570ebe9bebfb06f27314bca625349
  languageName: node
  linkType: hard

"json2csv@npm:^5.0.7":
  version: 5.0.7
  resolution: "json2csv@npm:5.0.7"
  dependencies:
    commander: ^6.1.0
    jsonparse: ^1.3.1
    lodash.get: ^4.4.2
  bin:
    json2csv: bin/json2csv.js
  checksum: 81b511e4f5abba1dcda90593c193d15e5f05f1def91377b6289536e31fdb629889da6a2b4612b9ff699116a29b1758d20c0d71f7921fcfb09863da5b2d883139
  languageName: node
  linkType: hard

"jsonparse@npm:^1.3.1":
  version: 1.3.1
  resolution: "jsonparse@npm:1.3.1"
  checksum: 6514a7be4674ebf407afca0eda3ba284b69b07f9958a8d3113ef1005f7ec610860c312be067e450c569aab8b89635e332cee3696789c750692bb60daba627f4d
  languageName: node
  linkType: hard

"lodash.get@npm:^4.4.2":
  version: 4.4.2
  resolution: "lodash.get@npm:4.4.2"
  checksum: e403047ddb03181c9d0e92df9556570e2b67e0f0a930fcbbbd779370972368f5568e914f913e93f3b08f6d492abc71e14d4e9b7a18916c31fa04bd2306efe545
  languageName: node
  linkType: hard

"memory-pager@npm:^1.0.2":
  version: 1.5.0
  resolution: "memory-pager@npm:1.5.0"
  checksum: d1a2e684583ef55c61cd3a49101da645b11ad57014dfc565e0b43baa9004b743f7e4ab81493d8fff2ab24e9950987cc3209c94bcc4fc8d7e30a475489a1f15e9
  languageName: node
  linkType: hard

"mongodb-connection-string-url@npm:^2.5.3":
  version: 2.5.3
  resolution: "mongodb-connection-string-url@npm:2.5.3"
  dependencies:
    "@types/whatwg-url": ^8.2.1
    whatwg-url: ^11.0.0
  checksum: 1b7a97ccff75176319801ab3552ac472c8657a026268416be52ff3821db66ce869a70f8ac629dc2b18d94b997e8408d485bf1142c3afbecd02d713521b14e9ba
  languageName: node
  linkType: hard

"mongodb@npm:^4.10.0":
  version: 4.10.0
  resolution: "mongodb@npm:4.10.0"
  dependencies:
    bson: ^4.7.0
    denque: ^2.1.0
    mongodb-connection-string-url: ^2.5.3
    saslprep: ^1.0.3
    socks: ^2.7.0
  dependenciesMeta:
    saslprep:
      optional: true
  checksum: 4847fe69b6d3baddc440936d306b4d00fa40a1dafabd387f9fb6f3ecd63b27c41f11b2cc46774ac2bf17e9b508d35908ebe21f47badf3449fb7afcbde2733951
  languageName: node
  linkType: hard

"node-domexception@npm:^1.0.0":
  version: 1.0.0
  resolution: "node-domexception@npm:1.0.0"
  checksum: ee1d37dd2a4eb26a8a92cd6b64dfc29caec72bff5e1ed9aba80c294f57a31ba4895a60fd48347cf17dd6e766da0ae87d75657dfd1f384ebfa60462c2283f5c7f
  languageName: node
  linkType: hard

"node-fetch@npm:^3.1.0":
  version: 3.2.10
  resolution: "node-fetch@npm:3.2.10"
  dependencies:
    data-uri-to-buffer: ^4.0.0
    fetch-blob: ^3.1.4
    formdata-polyfill: ^4.0.10
  checksum: e65322431f4897ded04197aa5923eaec63a8d53e00432de4e70a4f7006625c8dc32629c5c35f4fe8ee719a4825544d07bf53f6e146a7265914262f493e8deac1
  languageName: node
  linkType: hard

"packet-reader@npm:1.0.0":
  version: 1.0.0
  resolution: "packet-reader@npm:1.0.0"
  checksum: 0b7516f0cbf3e322aad591bed29ba544220088c53943145c0d9121a6f59182ad811f7fd6785a8979a34356aca69d97653689029964c5998dc02645633d88ffd7
  languageName: node
  linkType: hard

"pg-connection-string@npm:^2.5.0":
  version: 2.5.0
  resolution: "pg-connection-string@npm:2.5.0"
  checksum: a6f3a068f7c9416a5b33a326811caf0dfaaee045c225b7c628b4c9b4e9a2b25bdd12a21e4c48940e1000ea223a4e608ca122d2ff3dd08c8b1db0fc9f5705133a
  languageName: node
  linkType: hard

"pg-int8@npm:1.0.1":
  version: 1.0.1
  resolution: "pg-int8@npm:1.0.1"
  checksum: a1e3a05a69005ddb73e5f324b6b4e689868a447c5fa280b44cd4d04e6916a344ac289e0b8d2695d66e8e89a7fba023affb9e0e94778770ada5df43f003d664c9
  languageName: node
  linkType: hard

"pg-pool@npm:^3.5.2":
  version: 3.5.2
  resolution: "pg-pool@npm:3.5.2"
  peerDependencies:
    pg: ">=8.0"
  checksum: a5d029200257671f0c17ca54b9ab6213e2060e64e5cc792b78edd50ab471a26cd364890d05d546d9296949e079e943821cf2ceb4d488f4e6a6789fb781a628bf
  languageName: node
  linkType: hard

"pg-protocol@npm:^1.5.0":
  version: 1.5.0
  resolution: "pg-protocol@npm:1.5.0"
  checksum: b839d12cafe942ef9cbc5b13c174eb2356804fb4fe8ead8279f46a36be90722d19a91409955beb8a3d5301639c44854e49749de4aef02dc361fee3e2a61fb1e4
  languageName: node
  linkType: hard

"pg-types@npm:^2.1.0":
  version: 2.2.0
  resolution: "pg-types@npm:2.2.0"
  dependencies:
    pg-int8: 1.0.1
    postgres-array: ~2.0.0
    postgres-bytea: ~1.0.0
    postgres-date: ~1.0.4
    postgres-interval: ^1.1.0
  checksum: bf4ec3f594743442857fb3a8dfe5d2478a04c98f96a0a47365014557cbc0b4b0cee01462c79adca863b93befbf88f876299b75b72c665b5fb84a2c94fbd10316
  languageName: node
  linkType: hard

"pg@npm:^8.7.1":
  version: 8.8.0
  resolution: "pg@npm:8.8.0"
  dependencies:
    buffer-writer: 2.0.0
    packet-reader: 1.0.0
    pg-connection-string: ^2.5.0
    pg-pool: ^3.5.2
    pg-protocol: ^1.5.0
    pg-types: ^2.1.0
    pgpass: 1.x
  peerDependencies:
    pg-native: ">=3.0.1"
  peerDependenciesMeta:
    pg-native:
      optional: true
  checksum: fa30a85814dd7238b582c3bc6c0b9e2b0ae38dd0a6bb485ef480e64bb5ce589de6cb873ce4d3cd10c37a3e0a1e1281ba75dc7d80b1a68bae91999cd5b70d398b
  languageName: node
  linkType: hard

"pgpass@npm:1.x":
  version: 1.0.5
  resolution: "pgpass@npm:1.0.5"
  dependencies:
    split2: ^4.1.0
  checksum: 947ac096c031eebdf08d989de2e9f6f156b8133d6858c7c2c06c041e1e71dda6f5f3bad3c0ec1e96a09497bbc6ef89e762eefe703b5ef9cb2804392ec52ec400
  languageName: node
  linkType: hard

"postgres-array@npm:~2.0.0":
  version: 2.0.0
  resolution: "postgres-array@npm:2.0.0"
  checksum: 0e1e659888147c5de579d229a2d95c0d83ebdbffc2b9396d890a123557708c3b758a0a97ed305ce7f58edfa961fa9f0bbcd1ea9f08b6e5df73322e683883c464
  languageName: node
  linkType: hard

"postgres-bytea@npm:~1.0.0":
  version: 1.0.0
  resolution: "postgres-bytea@npm:1.0.0"
  checksum: d844ae4ca7a941b70e45cac1261a73ee8ed39d72d3d74ab1d645248185a1b7f0ac91a3c63d6159441020f4e1f7fe64689ac56536a307b31cef361e5187335090
  languageName: node
  linkType: hard

"postgres-date@npm:~1.0.4":
  version: 1.0.7
  resolution: "postgres-date@npm:1.0.7"
  checksum: 5745001d47e51cd767e46bcb1710649cd705d91a24d42fa661c454b6dcbb7353c066a5047983c90a626cd3bbfea9e626cc6fa84a35ec57e5bbb28b49f78e13ed
  languageName: node
  linkType: hard

"postgres-interval@npm:^1.1.0":
  version: 1.2.0
  resolution: "postgres-interval@npm:1.2.0"
  dependencies:
    xtend: ^4.0.0
  checksum: 746b71f93805ae33b03528e429dc624706d1f9b20ee81bf743263efb6a0cd79ae02a642a8a480dbc0f09547b4315ab7df6ce5ec0be77ed700bac42730f5c76b2
  languageName: node
  linkType: hard

"punycode@npm:^2.1.1":
  version: 2.1.1
  resolution: "punycode@npm:2.1.1"
  checksum: 823bf443c6dd14f669984dea25757b37993f67e8d94698996064035edd43bed8a5a17a9f12e439c2b35df1078c6bec05a6c86e336209eb1061e8025c481168e8
  languageName: node
  linkType: hard

"remove-accents@npm:^0.4.2":
  version: 0.4.2
  resolution: "remove-accents@npm:0.4.2"
  checksum: 84a6988555dea24115e2d1954db99509588d43fe55a1590f0b5894802776f7b488b3151c37ceb9e4f4b646f26b80b7325dcea2fae58bc3865df146e1fa606711
  languageName: node
  linkType: hard

"saslprep@npm:^1.0.3":
  version: 1.0.3
  resolution: "saslprep@npm:1.0.3"
  dependencies:
    sparse-bitfield: ^3.0.3
  checksum: 4fdc0b70fb5e523f977de405e12cca111f1f10dd68a0cfae0ca52c1a7919a94d1556598ba2d35f447655c3b32879846c77f9274c90806f6673248ae3cea6ee43
  languageName: node
  linkType: hard

"smart-buffer@npm:^4.2.0":
  version: 4.2.0
  resolution: "smart-buffer@npm:4.2.0"
  checksum: b5167a7142c1da704c0e3af85c402002b597081dd9575031a90b4f229ca5678e9a36e8a374f1814c8156a725d17008ae3bde63b92f9cfd132526379e580bec8b
  languageName: node
  linkType: hard

"socks@npm:^2.7.0":
  version: 2.7.0
  resolution: "socks@npm:2.7.0"
  dependencies:
    ip: ^2.0.0
    smart-buffer: ^4.2.0
  checksum: 0b5d94e2b3c11e7937b40fc5dac1e80d8b92a330e68c51f1d271ce6980c70adca42a3f8cd47c4a5769956bada074823b53374f2dc5f2ea5c2121b222dec6eadf
  languageName: node
  linkType: hard

"sparse-bitfield@npm:^3.0.3":
  version: 3.0.3
  resolution: "sparse-bitfield@npm:3.0.3"
  dependencies:
    memory-pager: ^1.0.2
  checksum: 174da88dbbcc783d5dbd26921931cc83830280b8055fb05333786ebe6fc015b9601b24972b3d55920dd2d9f5fb120576fbfa2469b08e5222c9cadf3f05210aab
  languageName: node
  linkType: hard

"split2@npm:^4.1.0":
  version: 4.1.0
  resolution: "split2@npm:4.1.0"
  checksum: ec581597cb74c13cdfb5e2047543dd40cb1e8e9803c7b1e0c29ede05f2b4f049b2d6e7f2788a225d544549375719658b8f38e9366364dec35dc7a12edfda5ee5
  languageName: node
  linkType: hard

"tr46@npm:^3.0.0":
  version: 3.0.0
  resolution: "tr46@npm:3.0.0"
  dependencies:
    punycode: ^2.1.1
  checksum: 44c3cc6767fb800490e6e9fd64fd49041aa4e49e1f6a012b34a75de739cc9ed3a6405296072c1df8b6389ae139c5e7c6496f659cfe13a04a4bff3a1422981270
  languageName: node
  linkType: hard

"typescript@npm:^4.8.3":
  version: 4.8.3
  resolution: "typescript@npm:4.8.3"
  bin:
    tsc: bin/tsc
    tsserver: bin/tsserver
  checksum: 8286a5edcaf3d68e65c451aa1e7150ad1cf53ee0813c07ec35b7abdfdb10f355ecaa13c6a226a694ae7a67785fd7eeebf89f845da0b4f7e4a35561ddc459aba0
  languageName: node
  linkType: hard

"typescript@patch:typescript@^4.8.3#~builtin<compat/typescript>":
  version: 4.8.3
  resolution: "typescript@patch:typescript@npm%3A4.8.3#~builtin<compat/typescript>::version=4.8.3&hash=a1c5e5"
  bin:
    tsc: bin/tsc
    tsserver: bin/tsserver
  checksum: 2222d2382fb3146089b1d27ce2b55e9d1f99cc64118f1aba75809b693b856c5d3c324f052f60c75b577947fc538bc1c27bad0eb76cbdba9a63a253489504ba7e
  languageName: node
  linkType: hard

"vrac@workspace:.":
  version: 0.0.0-use.local
  resolution: "vrac@workspace:."
  dependencies:
    "@types/json2csv": ^5
    "@types/node": ^18.7.19
    dotenv: ^16.0.2
    json2csv: ^5.0.7
    mongodb: ^4.10.0
    node-fetch: ^3.1.0
    pg: ^8.7.1
    remove-accents: ^0.4.2
    typescript: ^4.8.3
  languageName: unknown
  linkType: soft

"web-streams-polyfill@npm:^3.0.3":
  version: 3.2.1
  resolution: "web-streams-polyfill@npm:3.2.1"
  checksum: b119c78574b6d65935e35098c2afdcd752b84268e18746606af149e3c424e15621b6f1ff0b42b2676dc012fc4f0d313f964b41a4b5031e525faa03997457da02
  languageName: node
  linkType: hard

"webidl-conversions@npm:^7.0.0":
  version: 7.0.0
  resolution: "webidl-conversions@npm:7.0.0"
  checksum: f05588567a2a76428515333eff87200fae6c83c3948a7482ebb109562971e77ef6dc49749afa58abb993391227c5697b3ecca52018793e0cb4620a48f10bd21b
  languageName: node
  linkType: hard

"whatwg-url@npm:^11.0.0":
  version: 11.0.0
  resolution: "whatwg-url@npm:11.0.0"
  dependencies:
    tr46: ^3.0.0
    webidl-conversions: ^7.0.0
  checksum: ed4826aaa57e66bb3488a4b25c9cd476c46ba96052747388b5801f137dd740b73fde91ad207d96baf9f17fbcc80fc1a477ad65181b5eb5fa718d27c69501d7af
  languageName: node
  linkType: hard

"xtend@npm:^4.0.0":
  version: 4.0.2
  resolution: "xtend@npm:4.0.2"
  checksum: ac5dfa738b21f6e7f0dd6e65e1b3155036d68104e67e5d5d1bde74892e327d7e5636a076f625599dc394330a731861e87343ff184b0047fef1360a7ec0a5a36a
  languageName: node
  linkType: hard
