# This file is generated by running "yarn install" inside your project.
# Manual changes might be lost - proceed with caution!

__metadata:
  version: 6
  cacheKey: 10

"@google-cloud/bigquery@npm:^8.0.0":
  version: 8.1.0
  resolution: "@google-cloud/bigquery@npm:8.1.0"
  dependencies:
    "@google-cloud/common": "npm:^6.0.0"
    "@google-cloud/paginator": "npm:^6.0.0"
    "@google-cloud/precise-date": "npm:^5.0.0"
    "@google-cloud/promisify": "npm:^5.0.0"
    arrify: "npm:^3.0.0"
    big.js: "npm:^6.2.2"
    duplexify: "npm:^4.1.3"
    extend: "npm:^3.0.2"
    is: "npm:^3.3.0"
    stream-events: "npm:^1.0.5"
    teeny-request: "npm:^10.0.0"
  checksum: a522f14574ca869df6d17e884015be6a42670105857ca78da8e9446158a0d58ceafd1c535c7d4592c64bf4325707d77dc8094d76be8b93bcfd32b8d6138c137a
  languageName: node
  linkType: hard

"@google-cloud/common@npm:^6.0.0":
  version: 6.0.0
  resolution: "@google-cloud/common@npm:6.0.0"
  dependencies:
    "@google-cloud/projectify": "npm:^4.0.0"
    "@google-cloud/promisify": "npm:^4.0.0"
    arrify: "npm:^2.0.0"
    duplexify: "npm:^4.1.3"
    extend: "npm:^3.0.2"
    google-auth-library: "npm:^10.0.0-rc.1"
    html-entities: "npm:^2.5.2"
    retry-request: "npm:^8.0.0"
    teeny-request: "npm:^10.0.0"
  checksum: 856f0c256f6cc53e92d7494137aeb05313080076df6d35ce301b8bab723ffc2340769bb233cc7cc6cfcf66d7419decba050d2ad177b58cb5d46d53292c9bee14
  languageName: node
  linkType: hard

"@google-cloud/paginator@npm:^6.0.0":
  version: 6.0.0
  resolution: "@google-cloud/paginator@npm:6.0.0"
  dependencies:
    extend: "npm:^3.0.2"
  checksum: da6436405fd1b1ebe9e60548a1c9f056203efffce0ace764c5400dfbe0f1d495bba9c7a33ab5ac3ec841ff4268c3c07a9302e46bbd27a9d1e4255d573d99890b
  languageName: node
  linkType: hard

"@google-cloud/precise-date@npm:^5.0.0":
  version: 5.0.0
  resolution: "@google-cloud/precise-date@npm:5.0.0"
  checksum: 300b038ee7fda8a4ebc9c552723cd4d7688d9176896548f65f6ab41da82b8e471b2a66c6811f6bc4a5229a25b03f449a8a284edfcca511023aea663cde7710b9
  languageName: node
  linkType: hard

"@google-cloud/projectify@npm:^4.0.0":
  version: 4.0.0
  resolution: "@google-cloud/projectify@npm:4.0.0"
  checksum: fdccdda0b50855c35541d71c46a6603f3302ff1a00108d946272cb2167435da00e2a2da5963fe489f4f5a4a9eb6320abeb97d3269974a972ae89f5df8451922d
  languageName: node
  linkType: hard

"@google-cloud/promisify@npm:^4.0.0":
  version: 4.0.0
  resolution: "@google-cloud/promisify@npm:4.0.0"
  checksum: c5de81321b3a5c567edcbe0b941fb32644611147f3ba22f20575918c225a979988a99bc2ebda05ac914fa8714b0a54c69be72c3f46c7a64c3b19db7d7fba8d04
  languageName: node
  linkType: hard

"@google-cloud/promisify@npm:^5.0.0":
  version: 5.0.0
  resolution: "@google-cloud/promisify@npm:5.0.0"
  checksum: a129f13366f9981daa63440321022ec87451b98ad6303a000bf1a455203165ed4c63e41c4742eec539fe7f8421c5d49d8e28a9406fa551fa51a46e629a516e3d
  languageName: node
  linkType: hard

"@hapi/hoek@npm:^9.0.0, @hapi/hoek@npm:^9.3.0":
  version: 9.3.0
  resolution: "@hapi/hoek@npm:9.3.0"
  checksum: ad83a223787749f3873bce42bd32a9a19673765bf3edece0a427e138859ff729469e68d5fdf9ff6bbee6fb0c8e21bab61415afa4584f527cfc40b59ea1957e70
  languageName: node
  linkType: hard

"@hapi/topo@npm:^5.1.0":
  version: 5.1.0
  resolution: "@hapi/topo@npm:5.1.0"
  dependencies:
    "@hapi/hoek": "npm:^9.0.0"
  checksum: 084bfa647015f4fd3fdd51fadb2747d09ef2f5e1443d6cbada2988b0c88494f85edf257ec606c790db146ac4e34ff57f3fcb22e3299b8e06ed5c87ba7583495c
  languageName: node
  linkType: hard

"@mongodb-js/saslprep@npm:^1.1.9":
  version: 1.3.0
  resolution: "@mongodb-js/saslprep@npm:1.3.0"
  dependencies:
    sparse-bitfield: ^3.0.3
  checksum: 8/0003ab0a943220df74f8ffcf076c4e4fc4105b20d6b1610d802231d2a6d3b74ad0fa9d26e3d828cb07daabe511ffb2760c347f7a4c0f985d8a7770f7d95190a3
  languageName: node
  linkType: hard

"@sideway/address@npm:^4.1.5":
  version: 4.1.5
  resolution: "@sideway/address@npm:4.1.5"
  dependencies:
    "@hapi/hoek": "npm:^9.0.0"
  checksum: c4c73ac0339504f34e016d3a687118e7ddf197c1c968579572123b67b230be84caa705f0f634efdfdde7f2e07a6e0224b3c70665dc420d8bc95bf400cfc4c998
  languageName: node
  linkType: hard

"@sideway/formula@npm:^3.0.1":
  version: 3.0.1
  resolution: "@sideway/formula@npm:3.0.1"
  checksum: 8d3ee7f80df4e5204b2cbe92a2a711ca89684965a5c9eb3b316b7051212d3522e332a65a0bb2a07cc708fcd1d0b27fcb30f43ff0bcd5089d7006c7160a89eefe
  languageName: node
  linkType: hard

"@sideway/pinpoint@npm:^2.0.0":
  version: 2.0.0
  resolution: "@sideway/pinpoint@npm:2.0.0"
  checksum: 1ed21800128b2b23280ba4c9db26c8ff6142b97a8683f17639fd7f2128aa09046461574800b30fb407afc5b663c2331795ccf3b654d4b38fa096e41a5c786bf8
  languageName: node
  linkType: hard

"@tootallnate/once@npm:2":
  version: 2.0.0
  resolution: "@tootallnate/once@npm:2.0.0"
  checksum: ad87447820dd3f24825d2d947ebc03072b20a42bfc96cbafec16bff8bbda6c1a81fcb0be56d5b21968560c5359a0af4038a68ba150c3e1694fe4c109a063bed8
  languageName: node
  linkType: hard

"@types/caseless@npm:*":
  version: 0.12.5
  resolution: "@types/caseless@npm:0.12.5"
  checksum: f6a3628add76d27005495914c9c3873a93536957edaa5b69c63b46fe10b4649a6fecf16b676c1695f46aab851da47ec6047dcf3570fa8d9b6883492ff6d074e0
  languageName: node
  linkType: hard

"@types/json2csv@npm:^5":
  version: 5.0.7
  resolution: "@types/json2csv@npm:5.0.7"
  dependencies:
    "@types/node": "npm:*"
  checksum: 8b354f11f8efa1a8af6f7ca9d5ef091409ade121df790c7f97ba556c47b60cb9d7ae732876a9405c827132ee5d38ba351d4fb6c56693a31482e727ece07ed349
  languageName: node
  linkType: hard

"@types/node@npm:*":
  version: 22.7.4
  resolution: "@types/node@npm:22.7.4"
  dependencies:
    undici-types: "npm:~6.19.2"
  checksum: 19ddab80c4eba2253c855ed67c9bbc47417183049d01e59010a738bd80d47338bab79fd1f44ae51516bd63a1db4bf21ddb38b16bf6401a2e93252068ec52e88b
  languageName: node
  linkType: hard

"@types/node@npm:^20.0.0":
  version: 20.16.10
  resolution: "@types/node@npm:20.16.10"
  dependencies:
    undici-types: "npm:~6.19.2"
  checksum: f0832d16fed07737c2c3edd6cb6414a22e8379173e56e701ab8890b8798c8f9bc37337332631818f813ff7f8c0e168e9900e8f44cdfd2406d15150289c813acc
  languageName: node
  linkType: hard

"@types/request@npm:^2.48.12":
  version: 2.48.12
  resolution: "@types/request@npm:2.48.12"
  dependencies:
    "@types/caseless": "npm:*"
    "@types/node": "npm:*"
    "@types/tough-cookie": "npm:*"
    form-data: "npm:^2.5.0"
  checksum: a7b3f9f14cacc18fe235bb8e57eff1232a04bd3fa3dad29371f24a5d96db2cd295a0c8b6b34ed7efa3efbbcff845febb02c9635cd68c54811c947ea66ae22090
  languageName: node
  linkType: hard

"@types/tough-cookie@npm:*":
  version: 4.0.5
  resolution: "@types/tough-cookie@npm:4.0.5"
  checksum: 01fd82efc8202670865928629697b62fe9bf0c0dcbc5b1c115831caeb073a2c0abb871ff393d7df1ae94ea41e256cb87d2a5a91fd03cdb1b0b4384e08d4ee482
  languageName: node
  linkType: hard

"@types/webidl-conversions@npm:*":
  version: 7.0.3
  resolution: "@types/webidl-conversions@npm:7.0.3"
  checksum: 535ead9de4d3d6c8e4f4fa14e9db780d2a31e8020debc062f337e1420a41c3265e223e4f4b628f97a11ecf3b96390962cd88a9ffe34f44e159dec583ff49aa34
  languageName: node
  linkType: hard

"@types/whatwg-url@npm:^11.0.2":
  version: 11.0.5
  resolution: "@types/whatwg-url@npm:11.0.5"
  dependencies:
    "@types/webidl-conversions": "npm:*"
  checksum: 23a0c45aff51817807b473a6adb181d6e3bb0d27dde54e84883d5d5bc93358e95204d2188e7ff7fdc2cdaf157e97e1188ef0a22ec79228da300fc30d4a05b56a
  languageName: node
  linkType: hard

"agent-base@npm:6":
  version: 6.0.2
  resolution: "agent-base@npm:6.0.2"
  dependencies:
    debug: "npm:4"
  checksum: 21fb903e0917e5cb16591b4d0ef6a028a54b83ac30cd1fca58dece3d4e0990512a8723f9f83130d88a41e2af8b1f7be1386fda3ea2d181bb1a62155e75e95e23
  languageName: node
  linkType: hard

"agent-base@npm:^7.0.2":
  version: 7.1.1
  resolution: "agent-base@npm:7.1.1"
  dependencies:
    debug: "npm:^4.3.4"
  checksum: c478fec8f79953f118704d007a38f2a185458853f5c45579b9669372bd0e12602e88dc2ad0233077831504f7cd6fcc8251c383375bba5eaaf563b102938bda26
  languageName: node
  linkType: hard

"ansi-regex@npm:^5.0.1":
  version: 5.0.1
  resolution: "ansi-regex@npm:5.0.1"
  checksum: 2aa4bb54caf2d622f1afdad09441695af2a83aa3fe8b8afa581d205e57ed4261c183c4d3877cee25794443fde5876417d859c108078ab788d6af7e4fe52eb66b
  languageName: node
  linkType: hard

"ansi-styles@npm:^4.0.0":
  version: 4.3.0
  resolution: "ansi-styles@npm:4.3.0"
  dependencies:
    color-convert: "npm:^2.0.1"
  checksum: b4494dfbfc7e4591b4711a396bd27e540f8153914123dccb4cdbbcb514015ada63a3809f362b9d8d4f6b17a706f1d7bea3c6f974b15fa5ae76b5b502070889ff
  languageName: node
  linkType: hard

"arrify@npm:^2.0.0":
  version: 2.0.1
  resolution: "arrify@npm:2.0.1"
  checksum: 067c4c1afd182806a82e4c1cb8acee16ab8b5284fbca1ce29408e6e91281c36bb5b612f6ddfbd40a0f7a7e0c75bf2696eb94c027f6e328d6e9c52465c98e4209
  languageName: node
  linkType: hard

"arrify@npm:^3.0.0":
  version: 3.0.0
  resolution: "arrify@npm:3.0.0"
  checksum: d6c6f3dad9571234f320e130d57fddb2cc283c87f2ac7df6c7005dffc5161b7bb9376f4be655ed257050330336e84afc4f3020d77696ad231ff580a94ae5aba6
  languageName: node
  linkType: hard

"asynckit@npm:^0.4.0":
  version: 0.4.0
  resolution: "asynckit@npm:0.4.0"
  checksum: 3ce727cbc78f69d6a4722517a58ee926c8c21083633b1d3fdf66fd688f6c127a53a592141bd4866f9b63240a86e9d8e974b13919450bd17fa33c2d22c4558ad8
  languageName: node
  linkType: hard

"base64-js@npm:^1.3.0":
  version: 1.5.1
  resolution: "base64-js@npm:1.5.1"
  checksum: 669632eb3745404c2f822a18fc3a0122d2f9a7a13f7fb8b5823ee19d1d2ff9ee5b52c53367176ea4ad093c332fd5ab4bd0ebae5a8e27917a4105a4cfc86b1005
  languageName: node
  linkType: hard

"big.js@npm:^6.2.2":
  version: 6.2.2
  resolution: "big.js@npm:6.2.2"
  checksum: 018af3e572780b41536a987c3fc3636efe7d05671e8bf4a6bd22b62316e32f57abfc0fc849732adfd81b00b249f873a5a107e01ab5aa4fc3d42c181cc821bf47
  languageName: node
  linkType: hard

"bignumber.js@npm:^9.0.0":
  version: 9.1.2
  resolution: "bignumber.js@npm:9.1.2"
  checksum: d89b8800a987225d2c00dcbf8a69dc08e92aa0880157c851c287b307d31ceb2fc2acb0c62c3e3a3d42b6c5fcae9b004035f13eb4386e56d529d7edac18d5c9d8
  languageName: node
  linkType: hard

"bson@npm:^6.10.4":
  version: 6.10.4
  resolution: "bson@npm:6.10.4"
  checksum: 8/5b0b625ac9b3661497aa1baec58c8e8979cc501a5c490a5740001b3cc415d0d5d51f16bf9da433b28ffd1303b6f98c1427e8192cf4220b13b09a9a4184bfceb2
  languageName: node
  linkType: hard

"buffer-equal-constant-time@npm:1.0.1":
  version: 1.0.1
  resolution: "buffer-equal-constant-time@npm:1.0.1"
  checksum: 80bb945f5d782a56f374b292770901065bad21420e34936ecbe949e57724b4a13874f735850dd1cc61f078773c4fb5493a41391e7bda40d1fa388d6bd80daaab
  languageName: node
  linkType: hard

"cli-color@npm:^2.0.2":
  version: 2.0.4
  resolution: "cli-color@npm:2.0.4"
  dependencies:
    d: "npm:^1.0.1"
    es5-ext: "npm:^0.10.64"
    es6-iterator: "npm:^2.0.3"
    memoizee: "npm:^0.4.15"
    timers-ext: "npm:^0.1.7"
  checksum: 6706fbb98f5db62c47deaba7116a1e37470c936dc861b84a180b5ce1a58fbf50ae6582b30a65e4b30ddb39e0469d3bac6851a9d925ded02b7e0c1c00858ef14b
  languageName: node
  linkType: hard

"cliui@npm:^8.0.1":
  version: 8.0.1
  resolution: "cliui@npm:8.0.1"
  dependencies:
    string-width: "npm:^4.2.0"
    strip-ansi: "npm:^6.0.1"
    wrap-ansi: "npm:^7.0.0"
  checksum: eaa5561aeb3135c2cddf7a3b3f562fc4238ff3b3fc666869ef2adf264be0f372136702f16add9299087fb1907c2e4ec5dbfe83bd24bce815c70a80c6c1a2e950
  languageName: node
  linkType: hard

"color-convert@npm:^2.0.1":
  version: 2.0.1
  resolution: "color-convert@npm:2.0.1"
  dependencies:
    color-name: "npm:~1.1.4"
  checksum: fa00c91b4332b294de06b443923246bccebe9fab1b253f7fe1772d37b06a2269b4039a85e309abe1fe11b267b11c08d1d0473fda3badd6167f57313af2887a64
  languageName: node
  linkType: hard

"color-name@npm:~1.1.4":
  version: 1.1.4
  resolution: "color-name@npm:1.1.4"
  checksum: b0445859521eb4021cd0fb0cc1a75cecf67fceecae89b63f62b201cca8d345baf8b952c966862a9d9a2632987d4f6581f0ec8d957dfacece86f0a7919316f610
  languageName: node
  linkType: hard

"combined-stream@npm:^1.0.6":
  version: 1.0.8
  resolution: "combined-stream@npm:1.0.8"
  dependencies:
    delayed-stream: "npm:~1.0.0"
  checksum: 2e969e637d05d09fa50b02d74c83a1186f6914aae89e6653b62595cc75a221464f884f55f231b8f4df7a49537fba60bdc0427acd2bf324c09a1dbb84837e36e4
  languageName: node
  linkType: hard

"commander@npm:^6.1.0":
  version: 6.2.1
  resolution: "commander@npm:6.2.1"
  checksum: 25b88c2efd0380c84f7844b39cf18510da7bfc5013692d68cdc65f764a1c34e6c8a36ea6d72b6620e3710a930cf8fab2695bdec2bf7107a0f4fa30a3ef3b7d0e
  languageName: node
  linkType: hard

"d@npm:1, d@npm:^1.0.1, d@npm:^1.0.2":
  version: 1.0.2
  resolution: "d@npm:1.0.2"
  dependencies:
    es5-ext: "npm:^0.10.64"
    type: "npm:^2.7.2"
  checksum: a3f45ef964622f683f6a1cb9b8dcbd75ce490cd2f4ac9794099db3d8f0e2814d412d84cd3fe522e58feb1f273117bb480f29c5381f6225f0abca82517caaa77a
  languageName: node
  linkType: hard

"data-uri-to-buffer@npm:^4.0.0":
  version: 4.0.1
  resolution: "data-uri-to-buffer@npm:4.0.1"
  checksum: 0d0790b67ffec5302f204c2ccca4494f70b4e2d940fea3d36b09f0bb2b8539c2e86690429eb1f1dc4bcc9e4df0644193073e63d9ee48ac9fce79ec1506e4aa4c
  languageName: node
  linkType: hard

"debug@npm:4, debug@npm:^4.3.4":
  version: 4.3.7
  resolution: "debug@npm:4.3.7"
  dependencies:
    ms: "npm:^2.1.3"
  peerDependenciesMeta:
    supports-color:
      optional: true
  checksum: 71168908b9a78227ab29d5d25fe03c5867750e31ce24bf2c44a86efc5af041758bb56569b0a3d48a9b5344c00a24a777e6f4100ed6dfd9534a42c1dde285125a
  languageName: node
  linkType: hard

"delayed-stream@npm:~1.0.0":
  version: 1.0.0
  resolution: "delayed-stream@npm:1.0.0"
  checksum: 46fe6e83e2cb1d85ba50bd52803c68be9bd953282fa7096f51fc29edd5d67ff84ff753c51966061e5ba7cb5e47ef6d36a91924eddb7f3f3483b1c560f77a0020
  languageName: node
  linkType: hard

"dotenv@npm:^16.0.1":
  version: 16.4.5
  resolution: "dotenv@npm:16.4.5"
  checksum: 55a3134601115194ae0f924e54473459ed0d9fc340ae610b676e248cca45aa7c680d86365318ea964e6da4e2ea80c4514c1adab5adb43d6867fb57ff068f95c8
  languageName: node
  linkType: hard

"dotenv@npm:^17.0.0":
  version: 17.0.0
  resolution: "dotenv@npm:17.0.0"
  checksum: 31ef3618e19d6db7d5be3a8831147f10995b2ab18dce038588050160f780c6e0bdaece3d2b866a0138b860db1eb14f1da9e1fcf0493ee0bb7264664bac075c69
  languageName: node
  linkType: hard

"dotvault@npm:^0.0.9":
  version: 0.0.9
  resolution: "dotvault@npm:0.0.9"
  dependencies:
    cli-color: "npm:^2.0.2"
    dotenv: "npm:^16.0.1"
    joi: "npm:^17.6.0"
    yargs: "npm:^17.5.1"
  bin:
    dotvault: ./lib/main.cjs
  checksum: 780d0a838c80e8755cce33ed8aef3b04b9328e077d9b47d67bc8e80e4a788c5651a4f4e63fa76c657af14681f3cc29fac6df7586409e97710809f227ca3ab3b4
  languageName: node
  linkType: hard

"duplexify@npm:^4.1.3":
  version: 4.1.3
  resolution: "duplexify@npm:4.1.3"
  dependencies:
    end-of-stream: "npm:^1.4.1"
    inherits: "npm:^2.0.3"
    readable-stream: "npm:^3.1.1"
    stream-shift: "npm:^1.0.2"
  checksum: b44b98ba0ffac3a658b4b1bf877219e996db288c5ae6f3dc55ca9b2cbef7df60c10eabfdd947f3d73a623eb9975a74a66d6d61e6f26bff90155315adb362aa77
  languageName: node
  linkType: hard

"ecdsa-sig-formatter@npm:1.0.11, ecdsa-sig-formatter@npm:^1.0.11":
  version: 1.0.11
  resolution: "ecdsa-sig-formatter@npm:1.0.11"
  dependencies:
    safe-buffer: "npm:^5.0.1"
  checksum: 878e1aab8a42773320bc04c6de420bee21aebd71810e40b1799880a8a1c4594bcd6adc3d4213a0fb8147d4c3f529d8f9a618d7f59ad5a9a41b142058aceda23f
  languageName: node
  linkType: hard

"emoji-regex@npm:^8.0.0":
  version: 8.0.0
  resolution: "emoji-regex@npm:8.0.0"
  checksum: c72d67a6821be15ec11997877c437491c313d924306b8da5d87d2a2bcc2cec9903cb5b04ee1a088460501d8e5b44f10df82fdc93c444101a7610b80c8b6938e1
  languageName: node
  linkType: hard

"end-of-stream@npm:^1.4.1":
  version: 1.4.4
  resolution: "end-of-stream@npm:1.4.4"
  dependencies:
    once: "npm:^1.4.0"
  checksum: 530a5a5a1e517e962854a31693dbb5c0b2fc40b46dad2a56a2deec656ca040631124f4795823acc68238147805f8b021abbe221f4afed5ef3c8e8efc2024908b
  languageName: node
  linkType: hard

"es5-ext@npm:^0.10.35, es5-ext@npm:^0.10.46, es5-ext@npm:^0.10.62, es5-ext@npm:^0.10.64, es5-ext@npm:~0.10.14, es5-ext@npm:~0.10.2":
  version: 0.10.64
  resolution: "es5-ext@npm:0.10.64"
  dependencies:
    es6-iterator: "npm:^2.0.3"
    es6-symbol: "npm:^3.1.3"
    esniff: "npm:^2.0.1"
    next-tick: "npm:^1.1.0"
  checksum: 0c5d8657708b1695ddc4b06f4e0b9fbdda4d2fe46d037b6bedb49a7d1931e542ec9eecf4824d59e1d357e93229deab014bb4b86485db2d41b1d68e54439689ce
  languageName: node
  linkType: hard

"es6-iterator@npm:^2.0.3":
  version: 2.0.3
  resolution: "es6-iterator@npm:2.0.3"
  dependencies:
    d: "npm:1"
    es5-ext: "npm:^0.10.35"
    es6-symbol: "npm:^3.1.1"
  checksum: dbadecf3d0e467692815c2b438dfa99e5a97cbbecf4a58720adcb467a04220e0e36282399ba297911fd472c50ae4158fffba7ed0b7d4273fe322b69d03f9e3a5
  languageName: node
  linkType: hard

"es6-symbol@npm:^3.1.1, es6-symbol@npm:^3.1.3":
  version: 3.1.4
  resolution: "es6-symbol@npm:3.1.4"
  dependencies:
    d: "npm:^1.0.2"
    ext: "npm:^1.7.0"
  checksum: 3743119fe61f89e2f049a6ce52bd82fab5f65d13e2faa72453b73f95c15292c3cb9bdf3747940d504517e675e45fd375554c6b5d35d2bcbefd35f5489ecba546
  languageName: node
  linkType: hard

"es6-weak-map@npm:^2.0.3":
  version: 2.0.3
  resolution: "es6-weak-map@npm:2.0.3"
  dependencies:
    d: "npm:1"
    es5-ext: "npm:^0.10.46"
    es6-iterator: "npm:^2.0.3"
    es6-symbol: "npm:^3.1.1"
  checksum: 5958a321cf8dfadc82b79eeaa57dc855893a4afd062b4ef5c9ded0010d3932099311272965c3d3fdd3c85df1d7236013a570e704fa6c1f159bbf979c203dd3a3
  languageName: node
  linkType: hard

"escalade@npm:^3.1.1":
  version: 3.2.0
  resolution: "escalade@npm:3.2.0"
  checksum: 9d7169e3965b2f9ae46971afa392f6e5a25545ea30f2e2dd99c9b0a95a3f52b5653681a84f5b2911a413ddad2d7a93d3514165072f349b5ffc59c75a899970d6
  languageName: node
  linkType: hard

"esniff@npm:^2.0.1":
  version: 2.0.1
  resolution: "esniff@npm:2.0.1"
  dependencies:
    d: "npm:^1.0.1"
    es5-ext: "npm:^0.10.62"
    event-emitter: "npm:^0.3.5"
    type: "npm:^2.7.2"
  checksum: f6a2abd2f8c5fe57c5fcf53e5407c278023313d0f6c3a92688e7122ab9ac233029fd424508a196ae5bc561aa1f67d23f4e2435b1a0d378030f476596129056ac
  languageName: node
  linkType: hard

"event-emitter@npm:^0.3.5":
  version: 0.3.5
  resolution: "event-emitter@npm:0.3.5"
  dependencies:
    d: "npm:1"
    es5-ext: "npm:~0.10.14"
  checksum: a7f5ea80029193f4869782d34ef7eb43baa49cd397013add1953491b24588468efbe7e3cc9eb87d53f33397e7aab690fd74c079ec440bf8b12856f6bdb6e9396
  languageName: node
  linkType: hard

"ext@npm:^1.7.0":
  version: 1.7.0
  resolution: "ext@npm:1.7.0"
  dependencies:
    type: "npm:^2.7.2"
  checksum: 666a135980b002df0e75c8ac6c389140cdc59ac953db62770479ee2856d58ce69d2f845e5f2586716350b725400f6945e51e9159573158c39f369984c72dcd84
  languageName: node
  linkType: hard

"extend@npm:^3.0.2":
  version: 3.0.2
  resolution: "extend@npm:3.0.2"
  checksum: 59e89e2dc798ec0f54b36d82f32a27d5f6472c53974f61ca098db5d4648430b725387b53449a34df38fd0392045434426b012f302b3cc049a6500ccf82877e4e
  languageName: node
  linkType: hard

"fetch-blob@npm:^3.1.2, fetch-blob@npm:^3.1.4":
  version: 3.2.0
  resolution: "fetch-blob@npm:3.2.0"
  dependencies:
    node-domexception: "npm:^1.0.0"
    web-streams-polyfill: "npm:^3.0.3"
  checksum: 5264ecceb5fdc19eb51d1d0359921f12730941e333019e673e71eb73921146dceabcb0b8f534582be4497312d656508a439ad0f5edeec2b29ab2e10c72a1f86b
  languageName: node
  linkType: hard

"form-data@npm:^2.5.0":
  version: 2.5.1
  resolution: "form-data@npm:2.5.1"
  dependencies:
    asynckit: "npm:^0.4.0"
    combined-stream: "npm:^1.0.6"
    mime-types: "npm:^2.1.12"
  checksum: 2e2e5e927979ba3623f9b4c4bcc939275fae3f2dea9dafc8db3ca656a3d75476605de2c80f0e6f1487987398e056f0b4c738972d6e1edd83392d5686d0952eed
  languageName: node
  linkType: hard

"formdata-polyfill@npm:^4.0.10":
  version: 4.0.10
  resolution: "formdata-polyfill@npm:4.0.10"
  dependencies:
    fetch-blob: "npm:^3.1.2"
  checksum: 9b5001d2edef3c9449ac3f48bd4f8cc92e7d0f2e7c1a5c8ba555ad4e77535cc5cf621fabe49e97f304067037282dd9093b9160a3cb533e46420b446c4e6bc06f
  languageName: node
  linkType: hard

"gaxios@npm:^7.0.0-rc.1, gaxios@npm:^7.0.0-rc.4":
  version: 7.0.0-rc.6
  resolution: "gaxios@npm:7.0.0-rc.6"
  dependencies:
    extend: "npm:^3.0.2"
    https-proxy-agent: "npm:^7.0.1"
    node-fetch: "npm:^3.3.2"
  checksum: 60c688d4c65062c97bf0f33f959713df106e207065586bf5deb546ef5d02cddcba46d138c0b7eb8712950ca880fa28d3665936b19156224f8c478d9c4f817aea
  languageName: node
  linkType: hard

"gcp-metadata@npm:^7.0.0-rc.1":
  version: 7.0.0-rc.1
  resolution: "gcp-metadata@npm:7.0.0-rc.1"
  dependencies:
    gaxios: "npm:^7.0.0-rc.1"
    google-logging-utils: "npm:^1.0.0"
    json-bigint: "npm:^1.0.0"
  checksum: 2c58401c7945c41144bc6a44a066c050d36c34ee10e04e85ffde488afec6a3f67ebe29e697d0328aa20181b38a36aae9165896c0201387ea8cff031cdb790ab9
  languageName: node
  linkType: hard

"get-caller-file@npm:^2.0.5":
  version: 2.0.5
  resolution: "get-caller-file@npm:2.0.5"
  checksum: b9769a836d2a98c3ee734a88ba712e62703f1df31b94b784762c433c27a386dd6029ff55c2a920c392e33657d80191edbf18c61487e198844844516f843496b9
  languageName: node
  linkType: hard

"google-auth-library@npm:^10.0.0-rc.1":
  version: 10.0.0-rc.3
  resolution: "google-auth-library@npm:10.0.0-rc.3"
  dependencies:
    base64-js: "npm:^1.3.0"
    ecdsa-sig-formatter: "npm:^1.0.11"
    gaxios: "npm:^7.0.0-rc.4"
    gcp-metadata: "npm:^7.0.0-rc.1"
    google-logging-utils: "npm:^1.0.0"
    gtoken: "npm:^8.0.0-rc.1"
    jws: "npm:^4.0.0"
  checksum: d76f470ddba1d5ec84cb72b03af388722db2987a95f64c7d91169f3f67608528a327fd132bb00d74be10b08e6446906b16983cf0aa9f6fa10ac7a6d3aacff0d7
  languageName: node
  linkType: hard

"google-logging-utils@npm:^1.0.0":
  version: 1.1.1
  resolution: "google-logging-utils@npm:1.1.1"
  checksum: 51f915d97a812af9edeccf24d43bbec5f4d98dab4f874a08083e847d495fc94185d309f21ae7f590c9f7951bc25bc3095fa4ae73113aba47e86482f69860a806
  languageName: node
  linkType: hard

"gtoken@npm:^8.0.0-rc.1":
  version: 8.0.0-rc.1
  resolution: "gtoken@npm:8.0.0-rc.1"
  dependencies:
    gaxios: "npm:^7.0.0-rc.1"
    jws: "npm:^4.0.0"
  checksum: d2481344df8d9f62ec3ae7fe97b562c93dc294c7d1e7d8e1603162fe2726cfb5993f2b1a4e04388ee0f49c5fd02c1b0799dc58cebbf8af10489af8de80a72902
  languageName: node
  linkType: hard

"html-entities@npm:^2.5.2":
  version: 2.5.2
  resolution: "html-entities@npm:2.5.2"
  checksum: 4ec12ebdf2d5ba8192c68e1aef3c1e4a4f36b29246a0a88464fe278a54517d0196d3489af46a3145c7ecacb4fc5fd50497be19eb713b810acab3f0efcf36fdc2
  languageName: node
  linkType: hard

"http-proxy-agent@npm:^5.0.0":
  version: 5.0.0
  resolution: "http-proxy-agent@npm:5.0.0"
  dependencies:
    "@tootallnate/once": "npm:2"
    agent-base: "npm:6"
    debug: "npm:4"
  checksum: 5ee19423bc3e0fd5f23ce991b0755699ad2a46a440ce9cec99e8126bb98448ad3479d2c0ea54be5519db5b19a4ffaa69616bac01540db18506dd4dac3dc418f0
  languageName: node
  linkType: hard

"https-proxy-agent@npm:^5.0.0":
  version: 5.0.1
  resolution: "https-proxy-agent@npm:5.0.1"
  dependencies:
    agent-base: "npm:6"
    debug: "npm:4"
  checksum: f0dce7bdcac5e8eaa0be3c7368bb8836ed010fb5b6349ffb412b172a203efe8f807d9a6681319105ea1b6901e1972c7b5ea899672a7b9aad58309f766dcbe0df
  languageName: node
  linkType: hard

"https-proxy-agent@npm:^7.0.1":
  version: 7.0.5
  resolution: "https-proxy-agent@npm:7.0.5"
  dependencies:
    agent-base: "npm:^7.0.2"
    debug: "npm:4"
  checksum: 6679d46159ab3f9a5509ee80c3a3fc83fba3a920a5e18d32176c3327852c3c00ad640c0c4210a8fd70ea3c4a6d3a1b375bf01942516e7df80e2646bdc77658ab
  languageName: node
  linkType: hard

"inherits@npm:^2.0.3":
  version: 2.0.4
  resolution: "inherits@npm:2.0.4"
  checksum: cd45e923bee15186c07fa4c89db0aace24824c482fb887b528304694b2aa6ff8a898da8657046a5dcf3e46cd6db6c61629551f9215f208d7c3f157cf9b290521
  languageName: node
  linkType: hard

"is-fullwidth-code-point@npm:^3.0.0":
  version: 3.0.0
  resolution: "is-fullwidth-code-point@npm:3.0.0"
  checksum: 44a30c29457c7fb8f00297bce733f0a64cd22eca270f83e58c105e0d015e45c019491a4ab2faef91ab51d4738c670daff901c799f6a700e27f7314029e99e348
  languageName: node
  linkType: hard

"is-promise@npm:^2.2.2":
  version: 2.2.2
  resolution: "is-promise@npm:2.2.2"
  checksum: 18bf7d1c59953e0ad82a1ed963fb3dc0d135c8f299a14f89a17af312fc918373136e56028e8831700e1933519630cc2fd4179a777030330fde20d34e96f40c78
  languageName: node
  linkType: hard

"is@npm:^3.3.0":
  version: 3.3.0
  resolution: "is@npm:3.3.0"
  checksum: f77dc5a05a1e8fd1f1de282add9bb01c44dae27af72b883bf0ce342151dec48f125b0b8923efa78c1e93c4fb866095629b2c7de3e5e3853aea4ed17c82c5cd8d
  languageName: node
  linkType: hard

"joi@npm:^17.6.0":
  version: 17.13.3
  resolution: "joi@npm:17.13.3"
  dependencies:
    "@hapi/hoek": "npm:^9.3.0"
    "@hapi/topo": "npm:^5.1.0"
    "@sideway/address": "npm:^4.1.5"
    "@sideway/formula": "npm:^3.0.1"
    "@sideway/pinpoint": "npm:^2.0.0"
  checksum: 4c150db0c820c3a52f4a55c82c1fc5e144a5b5f4da9ffebc7339a15469d1a447ebb427ced446efcb9709ab56bd71a06c4c67c9381bc1b9f9ae63fc7c89209bdf
  languageName: node
  linkType: hard

"json-bigint@npm:^1.0.0":
  version: 1.0.0
  resolution: "json-bigint@npm:1.0.0"
  dependencies:
    bignumber.js: "npm:^9.0.0"
  checksum: cd3973b88e5706f8f89d2a9c9431f206ef385bd5c584db1b258891a5e6642507c32316b82745239088c697f5ddfe967351e1731f5789ba7855aed56ad5f70e1f
  languageName: node
  linkType: hard

"json2csv@npm:^5.0.7":
  version: 5.0.7
  resolution: "json2csv@npm:5.0.7"
  dependencies:
    commander: "npm:^6.1.0"
    jsonparse: "npm:^1.3.1"
    lodash.get: "npm:^4.4.2"
  bin:
    json2csv: bin/json2csv.js
  checksum: 456bdbc6a4b9306067e2feca28a1a3c7764035736f9cf9e93dc0aa663b003e85945d05b96c0c4098091fea6fbaec5342ad5bae38cb691603778030e25907f6a2
  languageName: node
  linkType: hard

"jsonparse@npm:^1.3.1":
  version: 1.3.1
  resolution: "jsonparse@npm:1.3.1"
  checksum: 24531e956f0f19d79e22c157cebd81b37af3486ae22f9bc1028f8c2a4d1b70df48b168ff86f8568d9c2248182de9b6da9f50f685d5e4b9d1d2d339d2a29d15bc
  languageName: node
  linkType: hard

"jwa@npm:^2.0.0":
  version: 2.0.0
  resolution: "jwa@npm:2.0.0"
  dependencies:
    buffer-equal-constant-time: "npm:1.0.1"
    ecdsa-sig-formatter: "npm:1.0.11"
    safe-buffer: "npm:^5.0.1"
  checksum: ab983f6685d99d13ddfbffef9b1c66309a536362a8412d49ba6e687d834a1240ce39290f30ac7dbe241e0ab6c76fee7ff795776ce534e11d148158c9b7193498
  languageName: node
  linkType: hard

"jws@npm:^4.0.0":
  version: 4.0.0
  resolution: "jws@npm:4.0.0"
  dependencies:
    jwa: "npm:^2.0.0"
    safe-buffer: "npm:^5.0.1"
  checksum: 1d15f4cdea376c6bd6a81002bd2cb0bf3d51d83da8f0727947b5ba3e10cf366721b8c0d099bf8c1eb99eb036e2c55e5fd5efd378ccff75a2b4e0bd10002348b9
  languageName: node
  linkType: hard

"lodash.get@npm:^4.4.2":
  version: 4.4.2
  resolution: "lodash.get@npm:4.4.2"
  checksum: 2a4925f6e89bc2c010a77a802d1ba357e17ed1ea03c2ddf6a146429f2856a216663e694a6aa3549a318cbbba3fd8b7decb392db457e6ac0b83dc745ed0a17380
  languageName: node
  linkType: hard

"lru-queue@npm:^0.1.0":
  version: 0.1.0
  resolution: "lru-queue@npm:0.1.0"
  dependencies:
    es5-ext: "npm:~0.10.2"
  checksum: 55b08ee3a7dbefb7d8ee2d14e0a97c69a887f78bddd9e28a687a1944b57e09513d4b401db515279e8829d52331df12a767f3ed27ca67c3322c723cc25c06403f
  languageName: node
  linkType: hard

"memoizee@npm:^0.4.15":
  version: 0.4.17
  resolution: "memoizee@npm:0.4.17"
  dependencies:
    d: "npm:^1.0.2"
    es5-ext: "npm:^0.10.64"
    es6-weak-map: "npm:^2.0.3"
    event-emitter: "npm:^0.3.5"
    is-promise: "npm:^2.2.2"
    lru-queue: "npm:^0.1.0"
    next-tick: "npm:^1.1.0"
    timers-ext: "npm:^0.1.7"
  checksum: b7abda74d1057878f3570c45995f24da8a4f8636e0e9a7c29a6709be2314bf40c7d78e3be93c0b1660ba419de5740fa5e447c400ab5df407ffbd236421066380
  languageName: node
  linkType: hard

"memory-pager@npm:^1.0.2":
  version: 1.5.0
  resolution: "memory-pager@npm:1.5.0"
  checksum: ffe3461b6aa4e400138d1d9c59890b1cbeae3256592a0dfae49577f4bec93952de65f31f682f0b15451d2a7cf018be775ed1e1411705e45514b14fb70883a66b
  languageName: node
  linkType: hard

"mime-db@npm:1.52.0":
  version: 1.52.0
  resolution: "mime-db@npm:1.52.0"
  checksum: 54bb60bf39e6f8689f6622784e668a3d7f8bed6b0d886f5c3c446cb3284be28b30bf707ed05d0fe44a036f8469976b2629bbea182684977b084de9da274694d7
  languageName: node
  linkType: hard

"mime-types@npm:^2.1.12":
  version: 2.1.35
  resolution: "mime-types@npm:2.1.35"
  dependencies:
    mime-db: "npm:1.52.0"
  checksum: 89aa9651b67644035de2784a6e665fc685d79aba61857e02b9c8758da874a754aed4a9aced9265f5ed1171fd934331e5516b84a7f0218031b6fa0270eca1e51a
  languageName: node
  linkType: hard

"mongodb-connection-string-url@npm:^3.0.0":
  version: 3.0.1
  resolution: "mongodb-connection-string-url@npm:3.0.1"
  dependencies:
    "@types/whatwg-url": "npm:^11.0.2"
    whatwg-url: "npm:^13.0.0"
  checksum: f58918305637995c69a9a765ce3b442695195bb387d4deabfd9f1700bddc9d74e66136ff78e1d4aa24eb6877ae9b0f80c2699ebac8cadb0475b272da44a2623a
  languageName: node
  linkType: hard

"mongodb@npm:^6.18.0":
  version: 6.18.0
  resolution: "mongodb@npm:6.18.0"
  dependencies:
    "@mongodb-js/saslprep": ^1.1.9
    bson: ^6.10.4
    mongodb-connection-string-url: ^3.0.0
  peerDependencies:
    "@aws-sdk/credential-providers": ^3.188.0
    "@mongodb-js/zstd": ^1.1.0 || ^2.0.0
    gcp-metadata: ^5.2.0
    kerberos: ^2.0.1
    mongodb-client-encryption: ">=6.0.0 <7"
    snappy: ^7.2.2
    socks: ^2.7.1
  peerDependenciesMeta:
    "@aws-sdk/credential-providers":
      optional: true
    "@mongodb-js/zstd":
      optional: true
    gcp-metadata:
      optional: true
    kerberos:
      optional: true
    mongodb-client-encryption:
      optional: true
    snappy:
      optional: true
    socks:
      optional: true
  checksum: 8/2bb06653a86ed92090594e870f7e9c7effb4f4bb4ea0a923574c2e97711fd88714d7bfed889782c2116bedbd8d4809da3f42176bca6cd5382a389f6260125922
  languageName: node
  linkType: hard

"ms@npm:^2.1.3":
  version: 2.1.3
  resolution: "ms@npm:2.1.3"
  checksum: aa92de608021b242401676e35cfa5aa42dd70cbdc082b916da7fb925c542173e36bce97ea3e804923fe92c0ad991434e4a38327e15a1b5b5f945d66df615ae6d
  languageName: node
  linkType: hard

"next-tick@npm:^1.1.0":
  version: 1.1.0
  resolution: "next-tick@npm:1.1.0"
  checksum: 83b5cf36027a53ee6d8b7f9c0782f2ba87f4858d977342bfc3c20c21629290a2111f8374d13a81221179603ffc4364f38374b5655d17b6a8f8a8c77bdea4fe8b
  languageName: node
  linkType: hard

"node-domexception@npm:^1.0.0":
  version: 1.0.0
  resolution: "node-domexception@npm:1.0.0"
  checksum: e332522f242348c511640c25a6fc7da4f30e09e580c70c6b13cb0be83c78c3e71c8d4665af2527e869fc96848924a4316ae7ec9014c091e2156f41739d4fa233
  languageName: node
  linkType: hard

"node-fetch@npm:^3.1.0, node-fetch@npm:^3.3.2":
  version: 3.3.2
  resolution: "node-fetch@npm:3.3.2"
  dependencies:
    data-uri-to-buffer: "npm:^4.0.0"
    fetch-blob: "npm:^3.1.4"
    formdata-polyfill: "npm:^4.0.10"
  checksum: 24207ca8c81231c7c59151840e3fded461d67a31cf3e3b3968e12201a42f89ce4a0b5fb7079b1fa0a4655957b1ca9257553200f03a9f668b45ebad265ca5593d
  languageName: node
  linkType: hard

"once@npm:^1.4.0":
  version: 1.4.0
  resolution: "once@npm:1.4.0"
  dependencies:
    wrappy: "npm:1"
  checksum: cd0a88501333edd640d95f0d2700fbde6bff20b3d4d9bdc521bdd31af0656b5706570d6c6afe532045a20bb8dc0849f8332d6f2a416e0ba6d3d3b98806c7db68
  languageName: node
  linkType: hard

"pg-cloudflare@npm:^1.1.1":
  version: 1.1.1
  resolution: "pg-cloudflare@npm:1.1.1"
  checksum: 45ca0c7926967ec9e66a9efc73ca57e3e933671b541bc774631a02ce683e7f658d0a4e881119b3f61486f38e344ae1b008d3a20eb5e21701c5fa8ff8382c5538
  languageName: node
  linkType: hard

"pg-connection-string@npm:^2.5.0, pg-connection-string@npm:^2.7.0":
  version: 2.7.0
  resolution: "pg-connection-string@npm:2.7.0"
  checksum: 68015a8874b7ca5dad456445e4114af3d2602bac2fdb8069315ecad0ff9660ec93259b9af7186606529ac4f6f72a06831e6f20897a689b16cc7fda7ca0e247fd
  languageName: node
  linkType: hard

"pg-int8@npm:1.0.1":
  version: 1.0.1
  resolution: "pg-int8@npm:1.0.1"
  checksum: a1e3a05a69005ddb73e5f324b6b4e689868a447c5fa280b44cd4d04e6916a344ac289e0b8d2695d66e8e89a7fba023affb9e0e94778770ada5df43f003d664c9
  languageName: node
  linkType: hard

"pg-pool@npm:^3.7.0":
  version: 3.7.0
  resolution: "pg-pool@npm:3.7.0"
  peerDependencies:
    pg: ">=8.0"
  checksum: a07a4f9e26eec9d7ac3597dc7b3469c62983edff9a321dbb7acbe1bbc7f5e9b2d33438e277d4cf8145071f3d63c7ebdc287a539fd69dfb8cdddb15b33eefe1a2
  languageName: node
  linkType: hard

"pg-protocol@npm:^1.7.0":
  version: 1.7.0
  resolution: "pg-protocol@npm:1.7.0"
  checksum: ffffdf74426c9357b57050f1c191e84447c0e8b2a701b3ab302ac7dd0eb27b862d92e5e3b2d38876a1051de83547eb9165d6a58b3a8e90bb050dae97f9993d54
  languageName: node
  linkType: hard

"pg-types@npm:^2.1.0":
  version: 2.2.0
  resolution: "pg-types@npm:2.2.0"
  dependencies:
    pg-int8: "npm:1.0.1"
    postgres-array: "npm:~2.0.0"
    postgres-bytea: "npm:~1.0.0"
    postgres-date: "npm:~1.0.4"
    postgres-interval: "npm:^1.1.0"
  checksum: 87a84d4baa91378d3a3da6076c69685eb905d1087bf73525ae1ba84b291b9dd8738c6716b333d8eac6cec91bf087237adc3e9281727365e9cbab0d9d072778b1
  languageName: node
  linkType: hard

"pg@npm:^8.7.1":
  version: 8.13.0
  resolution: "pg@npm:8.13.0"
  dependencies:
    pg-cloudflare: "npm:^1.1.1"
    pg-connection-string: "npm:^2.7.0"
    pg-pool: "npm:^3.7.0"
    pg-protocol: "npm:^1.7.0"
    pg-types: "npm:^2.1.0"
    pgpass: "npm:1.x"
  peerDependencies:
    pg-native: ">=3.0.1"
  dependenciesMeta:
    pg-cloudflare:
      optional: true
  peerDependenciesMeta:
    pg-native:
      optional: true
  checksum: 6defa3254b121317014c6de0ce4c21a9a1ec9b7ef24651164596b813d951d6545542faab964131f11e81c64c5c166b14051f6808e0247af928e1773a9fd7e0af
  languageName: node
  linkType: hard

"pgpass@npm:1.x":
  version: 1.0.5
  resolution: "pgpass@npm:1.0.5"
  dependencies:
    split2: "npm:^4.1.0"
  checksum: 0a6f3bf76e36bdb3c20a7e8033140c732767bba7e81f845f7489fc3123a2bd6e3b8e704f08cba86b117435414b5d2422e20ba9d5f2efb6f0c75c9efca73e8e87
  languageName: node
  linkType: hard

"postgres-array@npm:~2.0.0":
  version: 2.0.0
  resolution: "postgres-array@npm:2.0.0"
  checksum: aff99e79714d1271fe942fec4ffa2007b755e7e7dc3d2feecae3f1ceecb86fd3637c8138037fc3d9e7ec369231eeb136843c0b25927bf1ce295245a40ef849b4
  languageName: node
  linkType: hard

"postgres-bytea@npm:~1.0.0":
  version: 1.0.0
  resolution: "postgres-bytea@npm:1.0.0"
  checksum: d844ae4ca7a941b70e45cac1261a73ee8ed39d72d3d74ab1d645248185a1b7f0ac91a3c63d6159441020f4e1f7fe64689ac56536a307b31cef361e5187335090
  languageName: node
  linkType: hard

"postgres-date@npm:~1.0.4":
  version: 1.0.7
  resolution: "postgres-date@npm:1.0.7"
  checksum: 571ef45bec4551bb5d608c31b79987d7a895141f7d6c7b82e936a52d23d97474c770c6143e5cf8936c1cdc8b0dfd95e79f8136bf56a90164182a60f242c19f2b
  languageName: node
  linkType: hard

"postgres-interval@npm:^1.1.0":
  version: 1.2.0
  resolution: "postgres-interval@npm:1.2.0"
  dependencies:
    xtend: "npm:^4.0.0"
  checksum: 746b71f93805ae33b03528e429dc624706d1f9b20ee81bf743263efb6a0cd79ae02a642a8a480dbc0f09547b4315ab7df6ce5ec0be77ed700bac42730f5c76b2
  languageName: node
  linkType: hard

"punycode@npm:^2.3.0":
  version: 2.3.1
  resolution: "punycode@npm:2.3.1"
  checksum: febdc4362bead22f9e2608ff0171713230b57aff9dddc1c273aa2a651fbd366f94b7d6a71d78342a7c0819906750351ca7f2edd26ea41b626d87d6a13d1bd059
  languageName: node
  linkType: hard

"readable-stream@npm:^3.1.1":
  version: 3.6.2
  resolution: "readable-stream@npm:3.6.2"
  dependencies:
    inherits: "npm:^2.0.3"
    string_decoder: "npm:^1.1.1"
    util-deprecate: "npm:^1.0.1"
  checksum: d9e3e53193adcdb79d8f10f2a1f6989bd4389f5936c6f8b870e77570853561c362bee69feca2bbb7b32368ce96a85504aa4cedf7cf80f36e6a9de30d64244048
  languageName: node
  linkType: hard

"remove-accents@npm:^0.5.0":
  version: 0.5.0
  resolution: "remove-accents@npm:0.5.0"
  checksum: 4aa1a9d0c18468515a33c6760b0f8e28dfbceddcb846fac90b2189445445b27b11cc1df9fbceb97b4449438bc13250d77b27d4ab325b2d69933acc156d6c5b50
  languageName: node
  linkType: hard

"require-directory@npm:^2.1.1":
  version: 2.1.1
  resolution: "require-directory@npm:2.1.1"
  checksum: a72468e2589270d91f06c7d36ec97a88db53ae5d6fe3787fadc943f0b0276b10347f89b363b2a82285f650bdcc135ad4a257c61bdd4d00d6df1fa24875b0ddaf
  languageName: node
  linkType: hard

"retry-request@npm:^8.0.0":
  version: 8.0.0
  resolution: "retry-request@npm:8.0.0"
  dependencies:
    "@types/request": "npm:^2.48.12"
    extend: "npm:^3.0.2"
    teeny-request: "npm:^10.0.0"
  checksum: 42ab474c45b9ee4a73d3187182c2acc4709587680a68d914331624fdcdd2c2df32c38e56f6ccb8c7de15a054b9cab1efdbc8e07480e01012aa59151125f36f5a
  languageName: node
  linkType: hard

"safe-buffer@npm:^5.0.1, safe-buffer@npm:~5.2.0":
  version: 5.2.1
  resolution: "safe-buffer@npm:5.2.1"
  checksum: 32872cd0ff68a3ddade7a7617b8f4c2ae8764d8b7d884c651b74457967a9e0e886267d3ecc781220629c44a865167b61c375d2da6c720c840ecd73f45d5d9451
  languageName: node
  linkType: hard

"sparse-bitfield@npm:^3.0.3":
  version: 3.0.3
  resolution: "sparse-bitfield@npm:3.0.3"
  dependencies:
    memory-pager: "npm:^1.0.2"
  checksum: 174da88dbbcc783d5dbd26921931cc83830280b8055fb05333786ebe6fc015b9601b24972b3d55920dd2d9f5fb120576fbfa2469b08e5222c9cadf3f05210aab
  languageName: node
  linkType: hard

"split2@npm:^4.1.0":
  version: 4.2.0
  resolution: "split2@npm:4.2.0"
  checksum: 09bbefc11bcf03f044584c9764cd31a252d8e52cea29130950b26161287c11f519807c5e54bd9e5804c713b79c02cefe6a98f4688630993386be353e03f534ab
  languageName: node
  linkType: hard

"stream-events@npm:^1.0.5":
  version: 1.0.5
  resolution: "stream-events@npm:1.0.5"
  dependencies:
    stubs: "npm:^3.0.0"
  checksum: 969ce82e34bfbef5734629cc06f9d7f3705a9ceb8fcd6a526332f9159f1f8bbfdb1a453f3ced0b728083454f7706adbbe8428bceb788a0287ca48ba2642dc3fc
  languageName: node
  linkType: hard

"stream-shift@npm:^1.0.2":
  version: 1.0.3
  resolution: "stream-shift@npm:1.0.3"
  checksum: a24c0a3f66a8f9024bd1d579a533a53be283b4475d4e6b4b3211b964031447bdf6532dd1f3c2b0ad66752554391b7c62bd7ca4559193381f766534e723d50242
  languageName: node
  linkType: hard

"string-width@npm:^4.1.0, string-width@npm:^4.2.0, string-width@npm:^4.2.3":
  version: 4.2.3
  resolution: "string-width@npm:4.2.3"
  dependencies:
    emoji-regex: "npm:^8.0.0"
    is-fullwidth-code-point: "npm:^3.0.0"
    strip-ansi: "npm:^6.0.1"
  checksum: e52c10dc3fbfcd6c3a15f159f54a90024241d0f149cf8aed2982a2d801d2e64df0bf1dc351cf8e95c3319323f9f220c16e740b06faecd53e2462df1d2b5443fb
  languageName: node
  linkType: hard

"string_decoder@npm:^1.1.1":
  version: 1.3.0
  resolution: "string_decoder@npm:1.3.0"
  dependencies:
    safe-buffer: "npm:~5.2.0"
  checksum: 54d23f4a6acae0e93f999a585e673be9e561b65cd4cca37714af1e893ab8cd8dfa52a9e4f58f48f87b4a44918d3a9254326cb80ed194bf2e4c226e2b21767e56
  languageName: node
  linkType: hard

"strip-ansi@npm:^6.0.0, strip-ansi@npm:^6.0.1":
  version: 6.0.1
  resolution: "strip-ansi@npm:6.0.1"
  dependencies:
    ansi-regex: "npm:^5.0.1"
  checksum: ae3b5436d34fadeb6096367626ce987057713c566e1e7768818797e00ac5d62023d0f198c4e681eae9e20701721980b26a64a8f5b91238869592a9c6800719a2
  languageName: node
  linkType: hard

"stubs@npm:^3.0.0":
  version: 3.0.0
  resolution: "stubs@npm:3.0.0"
  checksum: dec7b82186e3743317616235c59bfb53284acc312cb9f4c3e97e2205c67a5c158b0ca89db5927e52351582e90a2672822eeaec9db396e23e56893d2a8676e024
  languageName: node
  linkType: hard

"teeny-request@npm:^10.0.0":
  version: 10.1.0
  resolution: "teeny-request@npm:10.1.0"
  dependencies:
    http-proxy-agent: "npm:^5.0.0"
    https-proxy-agent: "npm:^5.0.0"
    node-fetch: "npm:^3.3.2"
    stream-events: "npm:^1.0.5"
  checksum: 40cdd5420ee5b03c188008bffac3ad82576dae22762caa30787892d540c7101146c1f877becb62c2c18ea87a9ebfcd131ed8b46ae3c0e94b609794471909ee2b
  languageName: node
  linkType: hard

"timers-ext@npm:^0.1.7":
  version: 0.1.8
  resolution: "timers-ext@npm:0.1.8"
  dependencies:
    es5-ext: "npm:^0.10.64"
    next-tick: "npm:^1.1.0"
  checksum: 8abd168c57029e25d1fa4b7e101b053e261479e43ba4a32ead76e601e7037f74f850c311e22dc3dbb50dc211b34b092e0a349274d3997a493295e9ec725e6395
  languageName: node
  linkType: hard

"tr46@npm:^4.1.1":
  version: 4.1.1
  resolution: "tr46@npm:4.1.1"
  dependencies:
    punycode: "npm:^2.3.0"
  checksum: ca811409c46de84618e4e7f90469184b50d16618b2f027a5ebeccb0d83ee7f51eca229e71f5b15cdec008ca247ad2ccabfdd3daf861604fcc7e341d0c35c30ca
  languageName: node
  linkType: hard

"type@npm:^2.7.2":
  version: 2.7.3
  resolution: "type@npm:2.7.3"
  checksum: 82e99e7795b3de3ecfe685680685e79a77aea515fad9f60b7c55fbf6d43a5c360b1e6e9443354ec8906b38cdf5325829c69f094cb7cd2a1238e85bef9026dc04
  languageName: node
  linkType: hard

"typescript@npm:^4.8.3":
  version: 4.9.5
  resolution: "typescript@npm:4.9.5"
  bin:
    tsc: bin/tsc
    tsserver: bin/tsserver
  checksum: 458f7220ab11e0fc191514cc41be1707645ec9a8c2d609448a448e18c522cef9646f58728f6811185a4c35613dacdf6c98cf8965c88b3541d0288c47291e4300
  languageName: node
  linkType: hard

"typescript@patch:typescript@^4.8.3#~builtin<compat/typescript>":
  version: 4.9.5
  resolution: "typescript@patch:typescript@npm%3A4.9.5#~builtin<compat/typescript>::version=4.9.5&hash=d73830"
  bin:
    tsc: bin/tsc
    tsserver: bin/tsserver
  checksum: 8/2eee5c37cad4390385db5db5a8e81470e42e8f1401b0358d7390095d6f681b410f2c4a0c496c6ff9ebd775423c7785cdace7bcdad76c7bee283df3d9718c0f20
  languageName: node
  linkType: hard

"undici-types@npm:~6.19.2":
  version: 6.19.8
  resolution: "undici-types@npm:6.19.8"
  checksum: cf0b48ed4fc99baf56584afa91aaffa5010c268b8842f62e02f752df209e3dea138b372a60a963b3b2576ed932f32329ce7ddb9cb5f27a6c83040d8cd74b7a70
  languageName: node
  linkType: hard

"util-deprecate@npm:^1.0.1":
  version: 1.0.2
  resolution: "util-deprecate@npm:1.0.2"
  checksum: 474acf1146cb2701fe3b074892217553dfcf9a031280919ba1b8d651a068c9b15d863b7303cb15bd00a862b498e6cf4ad7b4a08fb134edd5a6f7641681cb54a2
  languageName: node
  linkType: hard

"vrac@workspace:.":
  version: 0.0.0-use.local
  resolution: "vrac@workspace:."
  dependencies:
    "@google-cloud/bigquery": ^8.0.0
    "@types/json2csv": ^5
    "@types/node": ^20.0.0
    dotenv: ^17.0.0
    dotvault: ^0.0.9
    json2csv: ^5.0.7
    mongodb: ^6.18.0
    node-fetch: ^3.1.0
    pg: ^8.7.1
    pg-connection-string: ^2.5.0
    remove-accents: ^0.5.0
    typescript: ^4.8.3
  languageName: unknown
  linkType: soft

"web-streams-polyfill@npm:^3.0.3":
  version: 3.3.3
  resolution: "web-streams-polyfill@npm:3.3.3"
  checksum: 8e7e13501b3834094a50abe7c0b6456155a55d7571312b89570012ef47ec2a46d766934768c50aabad10a9c30dd764a407623e8bfcc74fcb58495c29130edea9
  languageName: node
  linkType: hard

"webidl-conversions@npm:^7.0.0":
  version: 7.0.0
  resolution: "webidl-conversions@npm:7.0.0"
  checksum: 4c4f65472c010eddbe648c11b977d048dd96956a625f7f8b9d64e1b30c3c1f23ea1acfd654648426ce5c743c2108a5a757c0592f02902cf7367adb7d14e67721
  languageName: node
  linkType: hard

"whatwg-url@npm:^13.0.0":
  version: 13.0.0
  resolution: "whatwg-url@npm:13.0.0"
  dependencies:
    tr46: "npm:^4.1.1"
    webidl-conversions: "npm:^7.0.0"
  checksum: 1675f5b786bbc2809de8bde5e0c99790cd50c36227942c851b1c2445cc1860a26fd15a4d6eca2cd996882bfde93b66fbc88864cd9b84f2c725427afd81e0f024
  languageName: node
  linkType: hard

"wrap-ansi@npm:^7.0.0":
  version: 7.0.0
  resolution: "wrap-ansi@npm:7.0.0"
  dependencies:
    ansi-styles: "npm:^4.0.0"
    string-width: "npm:^4.1.0"
    strip-ansi: "npm:^6.0.0"
  checksum: cebdaeca3a6880da410f75209e68cd05428580de5ad24535f22696d7d9cab134d1f8498599f344c3cf0fb37c1715807a183778d8c648d6cc0cb5ff2bb4236540
  languageName: node
  linkType: hard

"wrappy@npm:1":
  version: 1.0.2
  resolution: "wrappy@npm:1.0.2"
  checksum: 159da4805f7e84a3d003d8841557196034155008f817172d4e986bd591f74aa82aa7db55929a54222309e01079a65a92a9e6414da5a6aa4b01ee44a511ac3ee5
  languageName: node
  linkType: hard

"xtend@npm:^4.0.0":
  version: 4.0.2
  resolution: "xtend@npm:4.0.2"
  checksum: ac5dfa738b21f6e7f0dd6e65e1b3155036d68104e67e5d5d1bde74892e327d7e5636a076f625599dc394330a731861e87343ff184b0047fef1360a7ec0a5a36a
  languageName: node
  linkType: hard

"y18n@npm:^5.0.5":
  version: 5.0.8
  resolution: "y18n@npm:5.0.8"
  checksum: 5f1b5f95e3775de4514edbb142398a2c37849ccfaf04a015be5d75521e9629d3be29bd4432d23c57f37e5b61ade592fb0197022e9993f81a06a5afbdcda9346d
  languageName: node
  linkType: hard

"yargs-parser@npm:^21.1.1":
  version: 21.1.1
  resolution: "yargs-parser@npm:21.1.1"
  checksum: 9dc2c217ea3bf8d858041252d43e074f7166b53f3d010a8c711275e09cd3d62a002969a39858b92bbda2a6a63a585c7127014534a560b9c69ed2d923d113406e
  languageName: node
  linkType: hard

"yargs@npm:^17.5.1":
  version: 17.7.2
  resolution: "yargs@npm:17.7.2"
  dependencies:
    cliui: "npm:^8.0.1"
    escalade: "npm:^3.1.1"
    get-caller-file: "npm:^2.0.5"
    require-directory: "npm:^2.1.1"
    string-width: "npm:^4.2.3"
    y18n: "npm:^5.0.5"
    yargs-parser: "npm:^21.1.1"
  checksum: abb3e37678d6e38ea85485ed86ebe0d1e3464c640d7d9069805ea0da12f69d5a32df8e5625e370f9c96dd1c2dc088ab2d0a4dd32af18222ef3c4224a19471576
  languageName: node
  linkType: hard
